
Microsoft Visual Studio Solution File, Format Version 12.00
# Visual Studio 2015
Project("{FAE04EC0-301F-11D3-BF4B-00C04F79EFBC}") = "SlotMachineProject.CSharp", "SlotMachineProject.CSharp.csproj", "{D641AA64-291C-C683-8AC4-1F795AFA3F83}"
EndProject
Project("{FAE04EC0-301F-11D3-BF4B-00C04F79EFBC}") = "SlotMachineProject.CSharp.Editor", "SlotMachineProject.CSharp.Editor.csproj", "{724D3B8C-C485-DDC2-3FA7-EB26D41770CE}"
EndProject
Global
	GlobalSection(SolutionConfigurationPlatforms) = preSolution
		Debug|Any CPU = Debug|Any CPU
		Release|Any CPU = Release|Any CPU
	EndGlobalSection
	GlobalSection(ProjectConfigurationPlatforms) = postSolution
		{D641AA64-291C-C683-8AC4-1F795AFA3F83}.Debug|Any CPU.ActiveCfg = Debug|Any CPU
		{D641AA64-291C-C683-8AC4-1F795AFA3F83}.Debug|Any CPU.Build.0 = Debug|Any CPU
		{D641AA64-291C-C683-8AC4-1F795AFA3F83}.Release|Any CPU.ActiveCfg = Release|Any CPU
		{D641AA64-291C-C683-8AC4-1F795AFA3F83}.Release|Any CPU.Build.0 = Release|Any CPU
		{724D3B8C-C485-DDC2-3FA7-EB26D41770CE}.Debug|Any CPU.ActiveCfg = Debug|Any CPU
		{724D3B8C-C485-DDC2-3FA7-EB26D41770CE}.Debug|Any CPU.Build.0 = Debug|Any CPU
		{724D3B8C-C485-DDC2-3FA7-EB26D41770CE}.Release|Any CPU.ActiveCfg = Release|Any CPU
		{724D3B8C-C485-DDC2-3FA7-EB26D41770CE}.Release|Any CPU.Build.0 = Release|Any CPU
	EndGlobalSection
	GlobalSection(SolutionProperties) = preSolution
		HideSolutionNode = FALSE
	EndGlobalSection
EndGlobal
